
Microsoft Visual Studio Solution File, Format Version 12.00
# Visual Studio Version 17
VisualStudioVersion = 17.8.34316.72
MinimumVisualStudioVersion = 10.0.40219.1
Project("{FAE04EC0-301F-11D3-BF4B-00C04F79EFBC}") = "GitS5", "GitS5\GitS5.csproj", "{AA94BF6B-8AF0-4910-B92B-0F92177E641B}"
EndProject
Global
	GlobalSection(SolutionConfigurationPlatforms) = preSolution
		Debug|Any CPU = Debug|Any CPU
		Release|Any CPU = Release|Any CPU
	EndGlobalSection
	GlobalSection(ProjectConfigurationPlatforms) = postSolution
		{AA94BF6B-8AF0-4910-B92B-0F92177E641B}.Debug|Any CPU.ActiveCfg = Debug|Any CPU
		{AA94BF6B-8AF0-4910-B92B-0F92177E641B}.Debug|Any CPU.Build.0 = Debug|Any CPU
		{AA94BF6B-8AF0-4910-B92B-0F92177E641B}.Release|Any CPU.ActiveCfg = Release|Any CPU
		{AA94BF6B-8AF0-4910-B92B-0F92177E641B}.Release|Any CPU.Build.0 = Release|Any CPU
	EndGlobalSection
	GlobalSection(SolutionProperties) = preSolution
		HideSolutionNode = FALSE
	EndGlobalSection
	GlobalSection(ExtensibilityGlobals) = postSolution
		SolutionGuid = {FBE15994-D889-4293-A1F5-CF3580C282DF}
	EndGlobalSection
EndGlobal
